{
    "name": "onefinance",
    "version": "0.1.0",
    "lockfileVersion": 3,
    "requires": true,
    "packages": {
        "": {
            "name": "onefinance",
            "version": "0.1.0",
            "license": "SEE LICENSE IN LICENSE",
            "bin": {
                "one-balances": "bin/one-balances",
                "one-jwt-check-ttl": "bin/one-jwt-check-ttl",
                "one-jwt-set": "bin/one-jwt-set"
            }
        }
    }
}
